// !$*UTF8*$!
{
	archiveVersion = 1;
	classes = {
	};
	objectVersion = 51;
	objects = {

/* Begin PBXBuildFile section */
		0D0465C02614234C0012DAC3 /* CoreDataManager.swift in Sources */ = {isa = PBXBuildFile; fileRef = 0D0465BF2614234C0012DAC3 /* CoreDataManager.swift */; };
		0D0465C52614238D0012DAC3 /* GoalsView_Tut.swift in Sources */ = {isa = PBXBuildFile; fileRef = 0D0465C42614238D0012DAC3 /* GoalsView_Tut.swift */; };
		0D0465C82614256C0012DAC3 /* HomeView_Looping.swift in Sources */ = {isa = PBXBuildFile; fileRef = 0D0465C72614256C0012DAC3 /* HomeView_Looping.swift */; };
		0D0465CC2614263C0012DAC3 /* GoalDataModel.xcdatamodeld in Sources */ = {isa = PBXBuildFile; fileRef = 0D0465CA2614263C0012DAC3 /* GoalDataModel.xcdatamodeld */; };
		0D0465CF261426830012DAC3 /* QuotesData.swift in Sources */ = {isa = PBXBuildFile; fileRef = 0D0465CE261426830012DAC3 /* QuotesData.swift */; };
		0D0465D2261426AB0012DAC3 /* HeaderData.swift in Sources */ = {isa = PBXBuildFile; fileRef = 0D0465D1261426AB0012DAC3 /* HeaderData.swift */; };
		0D0465D5261426E80012DAC3 /* QuotesModel.swift in Sources */ = {isa = PBXBuildFile; fileRef = 0D0465D4261426E80012DAC3 /* QuotesModel.swift */; };
		0D0465D8261427070012DAC3 /* HeaderModel.swift in Sources */ = {isa = PBXBuildFile; fileRef = 0D0465D7261427070012DAC3 /* HeaderModel.swift */; };
		0D0465DB261427450012DAC3 /* QuotesView.swift in Sources */ = {isa = PBXBuildFile; fileRef = 0D0465DA261427450012DAC3 /* QuotesView.swift */; };
		0D0465E22614277A0012DAC3 /* HeaderView.swift in Sources */ = {isa = PBXBuildFile; fileRef = 0D0465E12614277A0012DAC3 /* HeaderView.swift */; };
		0D0465E626142A1E0012DAC3 /* Home_Background_Final.mov in Resources */ = {isa = PBXBuildFile; fileRef = 0D0465E526142A1E0012DAC3 /* Home_Background_Final.mov */; };
		0D8593A22617787D0045AC06 /* AddGoalView_Tut.swift in Sources */ = {isa = PBXBuildFile; fileRef = 0D8593A12617787D0045AC06 /* AddGoalView_Tut.swift */; };
		0D9AF00425D5C1A400E9E55F /* GoogleService-Info.plist in Resources */ = {isa = PBXBuildFile; fileRef = 0D9AF00325D5C1A400E9E55F /* GoogleService-Info.plist */; };
		6565DD96BBAD1D47974B8659 /* Pods_Capstone_Jan_22.framework in Frameworks */ = {isa = PBXBuildFile; fileRef = 13E271DC69AB2BB254FF2255 /* Pods_Capstone_Jan_22.framework */; };
		FA06849325BB931500AB975A /* Capstone_Jan_22App.swift in Sources */ = {isa = PBXBuildFile; fileRef = FA06849225BB931500AB975A /* Capstone_Jan_22App.swift */; };
		FA06849725BB931600AB975A /* Assets.xcassets in Resources */ = {isa = PBXBuildFile; fileRef = FA06849625BB931600AB975A /* Assets.xcassets */; };
		FA06849A25BB931600AB975A /* Preview Assets.xcassets in Resources */ = {isa = PBXBuildFile; fileRef = FA06849925BB931600AB975A /* Preview Assets.xcassets */; };
		FA30834825FFB854009C5B12 /* SentClassifier.mlmodel in Sources */ = {isa = PBXBuildFile; fileRef = FA30834725FFB854009C5B12 /* SentClassifier.mlmodel */; };
		FA7A7F9D25C0CAEB0054B8A2 /* UserInfo.swift in Sources */ = {isa = PBXBuildFile; fileRef = FA7A7F9C25C0CAEB0054B8A2 /* UserInfo.swift */; };
		FA7A7FAA25C0D4720054B8A2 /* UserViewModel.swift in Sources */ = {isa = PBXBuildFile; fileRef = FA7A7FA925C0D4720054B8A2 /* UserViewModel.swift */; };
		FA7A7FF625C0F8CE0054B8A2 /* FBUser.swift in Sources */ = {isa = PBXBuildFile; fileRef = FA7A7FF225C0F8CC0054B8A2 /* FBUser.swift */; };
		FA7A7FF725C0F8CE0054B8A2 /* FBKeys.swift in Sources */ = {isa = PBXBuildFile; fileRef = FA7A7FF325C0F8CD0054B8A2 /* FBKeys.swift */; };
		FA7A7FF825C0F8CE0054B8A2 /* FBFireStore.swift in Sources */ = {isa = PBXBuildFile; fileRef = FA7A7FF425C0F8CD0054B8A2 /* FBFireStore.swift */; };
		FA7A7FF925C0F8CE0054B8A2 /* FBFireStoreError.swift in Sources */ = {isa = PBXBuildFile; fileRef = FA7A7FF525C0F8CE0054B8A2 /* FBFireStoreError.swift */; };
		FA7A7FFD25C0F8DB0054B8A2 /* FBAuth.swift in Sources */ = {isa = PBXBuildFile; fileRef = FA7A7FFB25C0F8DB0054B8A2 /* FBAuth.swift */; };
		FA7A7FFE25C0F8DB0054B8A2 /* FBAuthError.swift in Sources */ = {isa = PBXBuildFile; fileRef = FA7A7FFC25C0F8DB0054B8A2 /* FBAuthError.swift */; };
		FA860DF3260439EC00B2AFC1 /* AppView.swift in Sources */ = {isa = PBXBuildFile; fileRef = FA860DF2260439EC00B2AFC1 /* AppView.swift */; };
		FA860E1726067D1800B2AFC1 /* SettingsView.swift in Sources */ = {isa = PBXBuildFile; fileRef = FA860E1626067D1800B2AFC1 /* SettingsView.swift */; };
		FA860E1A26067D6F00B2AFC1 /* FormRowLinkView.swift in Sources */ = {isa = PBXBuildFile; fileRef = FA860E1926067D6F00B2AFC1 /* FormRowLinkView.swift */; };
		FA860E1D2609141400B2AFC1 /* LaunchScreen.storyboard in Resources */ = {isa = PBXBuildFile; fileRef = FA860E1C2609141300B2AFC1 /* LaunchScreen.storyboard */; };
		FA860E272609482E00B2AFC1 /* WelcomeView.swift in Sources */ = {isa = PBXBuildFile; fileRef = FA860E262609482D00B2AFC1 /* WelcomeView.swift */; };
		FA860E2F2609555200B2AFC1 /* ResourcesData.swift in Sources */ = {isa = PBXBuildFile; fileRef = FA860E2E2609555200B2AFC1 /* ResourcesData.swift */; };
		FA860E352609562300B2AFC1 /* ResourcesModel.swift in Sources */ = {isa = PBXBuildFile; fileRef = FA860E342609562300B2AFC1 /* ResourcesModel.swift */; };
		FA860E392609565200B2AFC1 /* ResourcesBookView.swift in Sources */ = {isa = PBXBuildFile; fileRef = FA860E382609565200B2AFC1 /* ResourcesBookView.swift */; };
		FA860E3C2609568800B2AFC1 /* ResourcesBookDetailView.swift in Sources */ = {isa = PBXBuildFile; fileRef = FA860E3B2609568800B2AFC1 /* ResourcesBookDetailView.swift */; };
		FA860E3F26095CC500B2AFC1 /* InsightsView.swift in Sources */ = {isa = PBXBuildFile; fileRef = FA860E3E26095CC400B2AFC1 /* InsightsView.swift */; };
		FA860E4226095D1D00B2AFC1 /* InsightsListView.swift in Sources */ = {isa = PBXBuildFile; fileRef = FA860E4126095D1D00B2AFC1 /* InsightsListView.swift */; };
		FA860E4526095D6400B2AFC1 /* InsightsListDetailView.swift in Sources */ = {isa = PBXBuildFile; fileRef = FA860E4426095D6400B2AFC1 /* InsightsListDetailView.swift */; };
		FA860E4826095DB400B2AFC1 /* InisghtsData.swift in Sources */ = {isa = PBXBuildFile; fileRef = FA860E4726095DB400B2AFC1 /* InisghtsData.swift */; };
		FA860E4B26095DE400B2AFC1 /* InsightsModel.swift in Sources */ = {isa = PBXBuildFile; fileRef = FA860E4A26095DE400B2AFC1 /* InsightsModel.swift */; };
		FA860E4E260A851900B2AFC1 /* GoalsView.swift in Sources */ = {isa = PBXBuildFile; fileRef = FA860E4D260A851900B2AFC1 /* GoalsView.swift */; };
		FA860E52260A863400B2AFC1 /* Todo_App.xcdatamodeld in Sources */ = {isa = PBXBuildFile; fileRef = FA860E50260A863400B2AFC1 /* Todo_App.xcdatamodeld */; };
		FA860E55260A866A00B2AFC1 /* AddGoalView.swift in Sources */ = {isa = PBXBuildFile; fileRef = FA860E54260A866A00B2AFC1 /* AddGoalView.swift */; };
		FA860E58260A871000B2AFC1 /* EmptyGoalListView.swift in Sources */ = {isa = PBXBuildFile; fileRef = FA860E57260A871000B2AFC1 /* EmptyGoalListView.swift */; };
		FA9D0A3725EF382A00E6EB46 /* ResourcesView.swift in Sources */ = {isa = PBXBuildFile; fileRef = FA9D0A3625EF382A00E6EB46 /* ResourcesView.swift */; };
		FA9D0A3A25EF3DD500E6EB46 /* AnalyticsView.swift in Sources */ = {isa = PBXBuildFile; fileRef = FA9D0A3925EF3DD500E6EB46 /* AnalyticsView.swift */; };
		FA9D0A3D25EF413D00E6EB46 /* ProfileView.swift in Sources */ = {isa = PBXBuildFile; fileRef = FA9D0A3C25EF413D00E6EB46 /* ProfileView.swift */; };
		FA9D0AA925F0108E00E6EB46 /* ProfileEditView.swift in Sources */ = {isa = PBXBuildFile; fileRef = FA9D0AA825F0108E00E6EB46 /* ProfileEditView.swift */; };
		FAA3E82425D5D1E000DC85C1 /* ContentView.swift in Sources */ = {isa = PBXBuildFile; fileRef = FAA3E81825D5D1E000DC85C1 /* ContentView.swift */; };
		FAA3E82625D5D1E000DC85C1 /* HomeView.swift in Sources */ = {isa = PBXBuildFile; fileRef = FAA3E81A25D5D1E000DC85C1 /* HomeView.swift */; };
		FAA3E82725D5D1E000DC85C1 /* CaptionView.swift in Sources */ = {isa = PBXBuildFile; fileRef = FAA3E81B25D5D1E000DC85C1 /* CaptionView.swift */; };
		FAA3E82825D5D1E000DC85C1 /* WebView.swift in Sources */ = {isa = PBXBuildFile; fileRef = FAA3E81C25D5D1E000DC85C1 /* WebView.swift */; };
		FAA3E82925D5D1E000DC85C1 /* InstagramResponse.swift in Sources */ = {isa = PBXBuildFile; fileRef = FAA3E81D25D5D1E000DC85C1 /* InstagramResponse.swift */; };
		FAA3E82B25D5D1E000DC85C1 /* InstagramView.swift in Sources */ = {isa = PBXBuildFile; fileRef = FAA3E81F25D5D1E000DC85C1 /* InstagramView.swift */; };
		FAA3E82C25D5D1E000DC85C1 /* ForgotPasswordView.swift in Sources */ = {isa = PBXBuildFile; fileRef = FAA3E82025D5D1E000DC85C1 /* ForgotPasswordView.swift */; };
		FAA3E82D25D5D1E000DC85C1 /* SignUpView.swift in Sources */ = {isa = PBXBuildFile; fileRef = FAA3E82125D5D1E000DC85C1 /* SignUpView.swift */; };
		FAA3E82E25D5D1E000DC85C1 /* LoginView.swift in Sources */ = {isa = PBXBuildFile; fileRef = FAA3E82225D5D1E000DC85C1 /* LoginView.swift */; };
		FAA3E82F25D5D1E000DC85C1 /* SignInWithEmailView.swift in Sources */ = {isa = PBXBuildFile; fileRef = FAA3E82325D5D1E000DC85C1 /* SignInWithEmailView.swift */; };
		FAA3E83325D5D2BC00DC85C1 /* InstagramApi.swift in Sources */ = {isa = PBXBuildFile; fileRef = FAA3E83225D5D2BC00DC85C1 /* InstagramApi.swift */; };
/* End PBXBuildFile section */

/* Begin PBXFileReference section */
		0D0465BF2614234C0012DAC3 /* CoreDataManager.swift */ = {isa = PBXFileReference; lastKnownFileType = sourcecode.swift; path = CoreDataManager.swift; sourceTree = "<group>"; };
		0D0465C42614238D0012DAC3 /* GoalsView_Tut.swift */ = {isa = PBXFileReference; lastKnownFileType = sourcecode.swift; path = GoalsView_Tut.swift; sourceTree = "<group>"; };
		0D0465C72614256C0012DAC3 /* HomeView_Looping.swift */ = {isa = PBXFileReference; lastKnownFileType = sourcecode.swift; path = HomeView_Looping.swift; sourceTree = "<group>"; };
		0D0465CB2614263C0012DAC3 /* MovieDataModel.xcdatamodel */ = {isa = PBXFileReference; lastKnownFileType = wrapper.xcdatamodel; path = MovieDataModel.xcdatamodel; sourceTree = "<group>"; };
		0D0465CE261426830012DAC3 /* QuotesData.swift */ = {isa = PBXFileReference; lastKnownFileType = sourcecode.swift; path = QuotesData.swift; sourceTree = "<group>"; };
		0D0465D1261426AB0012DAC3 /* HeaderData.swift */ = {isa = PBXFileReference; lastKnownFileType = sourcecode.swift; path = HeaderData.swift; sourceTree = "<group>"; };
		0D0465D4261426E80012DAC3 /* QuotesModel.swift */ = {isa = PBXFileReference; lastKnownFileType = sourcecode.swift; path = QuotesModel.swift; sourceTree = "<group>"; };
		0D0465D7261427070012DAC3 /* HeaderModel.swift */ = {isa = PBXFileReference; lastKnownFileType = sourcecode.swift; path = HeaderModel.swift; sourceTree = "<group>"; };
		0D0465DA261427450012DAC3 /* QuotesView.swift */ = {isa = PBXFileReference; lastKnownFileType = sourcecode.swift; path = QuotesView.swift; sourceTree = "<group>"; };
		0D0465E12614277A0012DAC3 /* HeaderView.swift */ = {isa = PBXFileReference; lastKnownFileType = sourcecode.swift; path = HeaderView.swift; sourceTree = "<group>"; };
		0D0465E526142A1E0012DAC3 /* Home_Background_Final.mov */ = {isa = PBXFileReference; lastKnownFileType = video.quicktime; path = Home_Background_Final.mov; sourceTree = "<group>"; };
		0D8593A12617787D0045AC06 /* AddGoalView_Tut.swift */ = {isa = PBXFileReference; lastKnownFileType = sourcecode.swift; path = AddGoalView_Tut.swift; sourceTree = "<group>"; };
		0D9AF00325D5C1A400E9E55F /* GoogleService-Info.plist */ = {isa = PBXFileReference; fileEncoding = 4; lastKnownFileType = text.plist.xml; path = "GoogleService-Info.plist"; sourceTree = "<group>"; };
		13E271DC69AB2BB254FF2255 /* Pods_Capstone_Jan_22.framework */ = {isa = PBXFileReference; explicitFileType = wrapper.framework; includeInIndex = 0; path = Pods_Capstone_Jan_22.framework; sourceTree = BUILT_PRODUCTS_DIR; };
		7F82F6605733351DB70F1CA4 /* Pods-Capstone_Jan_22.release.xcconfig */ = {isa = PBXFileReference; includeInIndex = 1; lastKnownFileType = text.xcconfig; name = "Pods-Capstone_Jan_22.release.xcconfig"; path = "Target Support Files/Pods-Capstone_Jan_22/Pods-Capstone_Jan_22.release.xcconfig"; sourceTree = "<group>"; };
		D740BBBE612EB48853552FB1 /* Pods-Capstone_Jan_22.debug.xcconfig */ = {isa = PBXFileReference; includeInIndex = 1; lastKnownFileType = text.xcconfig; name = "Pods-Capstone_Jan_22.debug.xcconfig"; path = "Target Support Files/Pods-Capstone_Jan_22/Pods-Capstone_Jan_22.debug.xcconfig"; sourceTree = "<group>"; };
		FA06848F25BB931500AB975A /* Capstone_Jan_22.app */ = {isa = PBXFileReference; explicitFileType = wrapper.application; includeInIndex = 0; path = Capstone_Jan_22.app; sourceTree = BUILT_PRODUCTS_DIR; };
		FA06849225BB931500AB975A /* Capstone_Jan_22App.swift */ = {isa = PBXFileReference; lastKnownFileType = sourcecode.swift; path = Capstone_Jan_22App.swift; sourceTree = "<group>"; };
		FA06849625BB931600AB975A /* Assets.xcassets */ = {isa = PBXFileReference; lastKnownFileType = folder.assetcatalog; path = Assets.xcassets; sourceTree = "<group>"; };
		FA06849925BB931600AB975A /* Preview Assets.xcassets */ = {isa = PBXFileReference; lastKnownFileType = folder.assetcatalog; path = "Preview Assets.xcassets"; sourceTree = "<group>"; };
		FA06849B25BB931600AB975A /* Info.plist */ = {isa = PBXFileReference; lastKnownFileType = text.plist.xml; path = Info.plist; sourceTree = "<group>"; };
		FA30834725FFB854009C5B12 /* SentClassifier.mlmodel */ = {isa = PBXFileReference; lastKnownFileType = file.mlmodel; path = SentClassifier.mlmodel; sourceTree = "<group>"; };
		FA7A7F9C25C0CAEB0054B8A2 /* UserInfo.swift */ = {isa = PBXFileReference; lastKnownFileType = sourcecode.swift; path = UserInfo.swift; sourceTree = "<group>"; };
		FA7A7FA925C0D4720054B8A2 /* UserViewModel.swift */ = {isa = PBXFileReference; lastKnownFileType = sourcecode.swift; path = UserViewModel.swift; sourceTree = "<group>"; };
		FA7A7FF225C0F8CC0054B8A2 /* FBUser.swift */ = {isa = PBXFileReference; fileEncoding = 4; lastKnownFileType = sourcecode.swift; path = FBUser.swift; sourceTree = "<group>"; };
		FA7A7FF325C0F8CD0054B8A2 /* FBKeys.swift */ = {isa = PBXFileReference; fileEncoding = 4; lastKnownFileType = sourcecode.swift; path = FBKeys.swift; sourceTree = "<group>"; };
		FA7A7FF425C0F8CD0054B8A2 /* FBFireStore.swift */ = {isa = PBXFileReference; fileEncoding = 4; lastKnownFileType = sourcecode.swift; path = FBFireStore.swift; sourceTree = "<group>"; };
		FA7A7FF525C0F8CE0054B8A2 /* FBFireStoreError.swift */ = {isa = PBXFileReference; fileEncoding = 4; lastKnownFileType = sourcecode.swift; path = FBFireStoreError.swift; sourceTree = "<group>"; };
		FA7A7FFB25C0F8DB0054B8A2 /* FBAuth.swift */ = {isa = PBXFileReference; fileEncoding = 4; lastKnownFileType = sourcecode.swift; path = FBAuth.swift; sourceTree = "<group>"; };
		FA7A7FFC25C0F8DB0054B8A2 /* FBAuthError.swift */ = {isa = PBXFileReference; fileEncoding = 4; lastKnownFileType = sourcecode.swift; path = FBAuthError.swift; sourceTree = "<group>"; };
		FA860DF2260439EC00B2AFC1 /* AppView.swift */ = {isa = PBXFileReference; lastKnownFileType = sourcecode.swift; path = AppView.swift; sourceTree = "<group>"; };
		FA860E1626067D1800B2AFC1 /* SettingsView.swift */ = {isa = PBXFileReference; lastKnownFileType = sourcecode.swift; path = SettingsView.swift; sourceTree = "<group>"; };
		FA860E1926067D6F00B2AFC1 /* FormRowLinkView.swift */ = {isa = PBXFileReference; lastKnownFileType = sourcecode.swift; path = FormRowLinkView.swift; sourceTree = "<group>"; };
		FA860E1C2609141300B2AFC1 /* LaunchScreen.storyboard */ = {isa = PBXFileReference; fileEncoding = 4; lastKnownFileType = file.storyboard; path = LaunchScreen.storyboard; sourceTree = "<group>"; };
		FA860E262609482D00B2AFC1 /* WelcomeView.swift */ = {isa = PBXFileReference; lastKnownFileType = sourcecode.swift; path = WelcomeView.swift; sourceTree = "<group>"; };
		FA860E2E2609555200B2AFC1 /* ResourcesData.swift */ = {isa = PBXFileReference; lastKnownFileType = sourcecode.swift; path = ResourcesData.swift; sourceTree = "<group>"; };
		FA860E342609562300B2AFC1 /* ResourcesModel.swift */ = {isa = PBXFileReference; lastKnownFileType = sourcecode.swift; path = ResourcesModel.swift; sourceTree = "<group>"; };
		FA860E382609565200B2AFC1 /* ResourcesBookView.swift */ = {isa = PBXFileReference; lastKnownFileType = sourcecode.swift; path = ResourcesBookView.swift; sourceTree = "<group>"; };
		FA860E3B2609568800B2AFC1 /* ResourcesBookDetailView.swift */ = {isa = PBXFileReference; lastKnownFileType = sourcecode.swift; path = ResourcesBookDetailView.swift; sourceTree = "<group>"; };
		FA860E3E26095CC400B2AFC1 /* InsightsView.swift */ = {isa = PBXFileReference; lastKnownFileType = sourcecode.swift; path = InsightsView.swift; sourceTree = "<group>"; };
		FA860E4126095D1D00B2AFC1 /* InsightsListView.swift */ = {isa = PBXFileReference; lastKnownFileType = sourcecode.swift; path = InsightsListView.swift; sourceTree = "<group>"; };
		FA860E4426095D6400B2AFC1 /* InsightsListDetailView.swift */ = {isa = PBXFileReference; lastKnownFileType = sourcecode.swift; path = InsightsListDetailView.swift; sourceTree = "<group>"; };
		FA860E4726095DB400B2AFC1 /* InisghtsData.swift */ = {isa = PBXFileReference; lastKnownFileType = sourcecode.swift; path = InisghtsData.swift; sourceTree = "<group>"; };
		FA860E4A26095DE400B2AFC1 /* InsightsModel.swift */ = {isa = PBXFileReference; lastKnownFileType = sourcecode.swift; path = InsightsModel.swift; sourceTree = "<group>"; };
		FA860E4D260A851900B2AFC1 /* GoalsView.swift */ = {isa = PBXFileReference; lastKnownFileType = sourcecode.swift; path = GoalsView.swift; sourceTree = "<group>"; };
		FA860E51260A863400B2AFC1 /* Todo_App.xcdatamodel */ = {isa = PBXFileReference; lastKnownFileType = wrapper.xcdatamodel; path = Todo_App.xcdatamodel; sourceTree = "<group>"; };
		FA860E54260A866A00B2AFC1 /* AddGoalView.swift */ = {isa = PBXFileReference; lastKnownFileType = sourcecode.swift; path = AddGoalView.swift; sourceTree = "<group>"; };
		FA860E57260A871000B2AFC1 /* EmptyGoalListView.swift */ = {isa = PBXFileReference; lastKnownFileType = sourcecode.swift; path = EmptyGoalListView.swift; sourceTree = "<group>"; };
		FA9D0A3625EF382A00E6EB46 /* ResourcesView.swift */ = {isa = PBXFileReference; lastKnownFileType = sourcecode.swift; path = ResourcesView.swift; sourceTree = "<group>"; };
		FA9D0A3925EF3DD500E6EB46 /* AnalyticsView.swift */ = {isa = PBXFileReference; lastKnownFileType = sourcecode.swift; path = AnalyticsView.swift; sourceTree = "<group>"; };
		FA9D0A3C25EF413D00E6EB46 /* ProfileView.swift */ = {isa = PBXFileReference; lastKnownFileType = sourcecode.swift; path = ProfileView.swift; sourceTree = "<group>"; };
		FA9D0AA825F0108E00E6EB46 /* ProfileEditView.swift */ = {isa = PBXFileReference; lastKnownFileType = sourcecode.swift; path = ProfileEditView.swift; sourceTree = "<group>"; };
		FAA3E81825D5D1E000DC85C1 /* ContentView.swift */ = {isa = PBXFileReference; fileEncoding = 4; lastKnownFileType = sourcecode.swift; path = ContentView.swift; sourceTree = "<group>"; };
		FAA3E81A25D5D1E000DC85C1 /* HomeView.swift */ = {isa = PBXFileReference; fileEncoding = 4; lastKnownFileType = sourcecode.swift; path = HomeView.swift; sourceTree = "<group>"; };
		FAA3E81B25D5D1E000DC85C1 /* CaptionView.swift */ = {isa = PBXFileReference; fileEncoding = 4; lastKnownFileType = sourcecode.swift; path = CaptionView.swift; sourceTree = "<group>"; };
		FAA3E81C25D5D1E000DC85C1 /* WebView.swift */ = {isa = PBXFileReference; fileEncoding = 4; lastKnownFileType = sourcecode.swift; path = WebView.swift; sourceTree = "<group>"; };
		FAA3E81D25D5D1E000DC85C1 /* InstagramResponse.swift */ = {isa = PBXFileReference; fileEncoding = 4; lastKnownFileType = sourcecode.swift; path = InstagramResponse.swift; sourceTree = "<group>"; };
		FAA3E81F25D5D1E000DC85C1 /* InstagramView.swift */ = {isa = PBXFileReference; fileEncoding = 4; lastKnownFileType = sourcecode.swift; path = InstagramView.swift; sourceTree = "<group>"; };
		FAA3E82025D5D1E000DC85C1 /* ForgotPasswordView.swift */ = {isa = PBXFileReference; fileEncoding = 4; lastKnownFileType = sourcecode.swift; path = ForgotPasswordView.swift; sourceTree = "<group>"; };
		FAA3E82125D5D1E000DC85C1 /* SignUpView.swift */ = {isa = PBXFileReference; fileEncoding = 4; lastKnownFileType = sourcecode.swift; path = SignUpView.swift; sourceTree = "<group>"; };
		FAA3E82225D5D1E000DC85C1 /* LoginView.swift */ = {isa = PBXFileReference; fileEncoding = 4; lastKnownFileType = sourcecode.swift; path = LoginView.swift; sourceTree = "<group>"; };
		FAA3E82325D5D1E000DC85C1 /* SignInWithEmailView.swift */ = {isa = PBXFileReference; fileEncoding = 4; lastKnownFileType = sourcecode.swift; path = SignInWithEmailView.swift; sourceTree = "<group>"; };
		FAA3E83225D5D2BC00DC85C1 /* InstagramApi.swift */ = {isa = PBXFileReference; fileEncoding = 4; lastKnownFileType = sourcecode.swift; path = InstagramApi.swift; sourceTree = "<group>"; };
/* End PBXFileReference section */

/* Begin PBXFrameworksBuildPhase section */
		FA06848C25BB931500AB975A /* Frameworks */ = {
			isa = PBXFrameworksBuildPhase;
			buildActionMask = 2147483647;
			files = (
				6565DD96BBAD1D47974B8659 /* Pods_Capstone_Jan_22.framework in Frameworks */,
			);
			runOnlyForDeploymentPostprocessing = 0;
		};
/* End PBXFrameworksBuildPhase section */

/* Begin PBXGroup section */
		0D0465BE2614232E0012DAC3 /* CoreData */ = {
			isa = PBXGroup;
			children = (
				0D0465BF2614234C0012DAC3 /* CoreDataManager.swift */,
				0D0465CA2614263C0012DAC3 /* GoalDataModel.xcdatamodeld */,
				0D0465C42614238D0012DAC3 /* GoalsView_Tut.swift */,
				0D0465DA261427450012DAC3 /* QuotesView.swift */,
				0D0465E12614277A0012DAC3 /* HeaderView.swift */,
				0D8593A12617787D0045AC06 /* AddGoalView_Tut.swift */,
			);
			path = CoreData;
			sourceTree = "<group>";
		};
		0D0465E426142A0B0012DAC3 /* Assets */ = {
			isa = PBXGroup;
			children = (
				0D0465E526142A1E0012DAC3 /* Home_Background_Final.mov */,
			);
			path = Assets;
			sourceTree = "<group>";
		};
		1FD89E965D3E4350297AE706 /* Frameworks */ = {
			isa = PBXGroup;
			children = (
				13E271DC69AB2BB254FF2255 /* Pods_Capstone_Jan_22.framework */,
			);
			name = Frameworks;
			sourceTree = "<group>";
		};
		9B619978943B14EF41B5CBA0 /* Pods */ = {
			isa = PBXGroup;
			children = (
				D740BBBE612EB48853552FB1 /* Pods-Capstone_Jan_22.debug.xcconfig */,
				7F82F6605733351DB70F1CA4 /* Pods-Capstone_Jan_22.release.xcconfig */,
			);
			path = Pods;
			sourceTree = "<group>";
		};
		FA06848625BB931500AB975A = {
			isa = PBXGroup;
			children = (
				FA06849125BB931500AB975A /* Capstone_Jan_22 */,
				FA06849025BB931500AB975A /* Products */,
				9B619978943B14EF41B5CBA0 /* Pods */,
				1FD89E965D3E4350297AE706 /* Frameworks */,
			);
			sourceTree = "<group>";
		};
		FA06849025BB931500AB975A /* Products */ = {
			isa = PBXGroup;
			children = (
				FA06848F25BB931500AB975A /* Capstone_Jan_22.app */,
			);
			name = Products;
			sourceTree = "<group>";
		};
		FA06849125BB931500AB975A /* Capstone_Jan_22 */ = {
			isa = PBXGroup;
			children = (
				0D0465E426142A0B0012DAC3 /* Assets */,
				0D0465BE2614232E0012DAC3 /* CoreData */,
				FA30834725FFB854009C5B12 /* SentClassifier.mlmodel */,
				FA66897D25BF4EBE006888D8 /* ContentViews */,
				FA860E292609551300B2AFC1 /* Data */,
				FA860E332609561100B2AFC1 /* Model */,
				FA7A7FB025C0D4C10054B8A2 /* Firestore */,
				FA7A7FB125C0D4C90054B8A2 /* Auth */,
				FA06849225BB931500AB975A /* Capstone_Jan_22App.swift */,
				FA06849625BB931600AB975A /* Assets.xcassets */,
				FA06849B25BB931600AB975A /* Info.plist */,
				0D9AF00325D5C1A400E9E55F /* GoogleService-Info.plist */,
				FA860E50260A863400B2AFC1 /* Todo_App.xcdatamodeld */,
				FAA3E83225D5D2BC00DC85C1 /* InstagramApi.swift */,
				FA860E1C2609141300B2AFC1 /* LaunchScreen.storyboard */,
				FA06849825BB931600AB975A /* Preview Content */,
			);
			path = Capstone_Jan_22;
			sourceTree = "<group>";
		};
		FA06849825BB931600AB975A /* Preview Content */ = {
			isa = PBXGroup;
			children = (
				FA06849925BB931600AB975A /* Preview Assets.xcassets */,
			);
			path = "Preview Content";
			sourceTree = "<group>";
		};
		FA66897D25BF4EBE006888D8 /* ContentViews */ = {
			isa = PBXGroup;
			children = (
				FAA3E81B25D5D1E000DC85C1 /* CaptionView.swift */,
				FA860DF2260439EC00B2AFC1 /* AppView.swift */,
				FAA3E81825D5D1E000DC85C1 /* ContentView.swift */,
				FAA3E82025D5D1E000DC85C1 /* ForgotPasswordView.swift */,
				FAA3E81A25D5D1E000DC85C1 /* HomeView.swift */,
				FAA3E81D25D5D1E000DC85C1 /* InstagramResponse.swift */,
				FA9D0A3625EF382A00E6EB46 /* ResourcesView.swift */,
				FA860E382609565200B2AFC1 /* ResourcesBookView.swift */,
				FA860E3B2609568800B2AFC1 /* ResourcesBookDetailView.swift */,
				FA860E262609482D00B2AFC1 /* WelcomeView.swift */,
				FA9D0A3925EF3DD500E6EB46 /* AnalyticsView.swift */,
				FA860E1626067D1800B2AFC1 /* SettingsView.swift */,
				FA9D0A3C25EF413D00E6EB46 /* ProfileView.swift */,
				FA860E4D260A851900B2AFC1 /* GoalsView.swift */,
				FA860E57260A871000B2AFC1 /* EmptyGoalListView.swift */,
				FA9D0AA825F0108E00E6EB46 /* ProfileEditView.swift */,
				FAA3E81F25D5D1E000DC85C1 /* InstagramView.swift */,
				FA860E4126095D1D00B2AFC1 /* InsightsListView.swift */,
				FA860E4426095D6400B2AFC1 /* InsightsListDetailView.swift */,
				FA860E3E26095CC400B2AFC1 /* InsightsView.swift */,
				FAA3E82225D5D1E000DC85C1 /* LoginView.swift */,
				FA860E54260A866A00B2AFC1 /* AddGoalView.swift */,
				FA860E1926067D6F00B2AFC1 /* FormRowLinkView.swift */,
				FAA3E82325D5D1E000DC85C1 /* SignInWithEmailView.swift */,
				FAA3E82125D5D1E000DC85C1 /* SignUpView.swift */,
				FAA3E81C25D5D1E000DC85C1 /* WebView.swift */,
				0D0465C72614256C0012DAC3 /* HomeView_Looping.swift */,
			);
			path = ContentViews;
			sourceTree = "<group>";
		};
		FA7A7FB025C0D4C10054B8A2 /* Firestore */ = {
			isa = PBXGroup;
			children = (
				FA7A7FF425C0F8CD0054B8A2 /* FBFireStore.swift */,
				FA7A7FF525C0F8CE0054B8A2 /* FBFireStoreError.swift */,
				FA7A7FF325C0F8CD0054B8A2 /* FBKeys.swift */,
				FA7A7FF225C0F8CC0054B8A2 /* FBUser.swift */,
			);
			path = Firestore;
			sourceTree = "<group>";
		};
		FA7A7FB125C0D4C90054B8A2 /* Auth */ = {
			isa = PBXGroup;
			children = (
				FA7A7FFB25C0F8DB0054B8A2 /* FBAuth.swift */,
				FA7A7FFC25C0F8DB0054B8A2 /* FBAuthError.swift */,
				FA7A7F9C25C0CAEB0054B8A2 /* UserInfo.swift */,
				FA7A7FA925C0D4720054B8A2 /* UserViewModel.swift */,
			);
			path = Auth;
			sourceTree = "<group>";
		};
		FA860E292609551300B2AFC1 /* Data */ = {
			isa = PBXGroup;
			children = (
				FA860E2E2609555200B2AFC1 /* ResourcesData.swift */,
				FA860E4726095DB400B2AFC1 /* InisghtsData.swift */,
				0D0465CE261426830012DAC3 /* QuotesData.swift */,
				0D0465D1261426AB0012DAC3 /* HeaderData.swift */,
			);
			path = Data;
			sourceTree = "<group>";
		};
		FA860E332609561100B2AFC1 /* Model */ = {
			isa = PBXGroup;
			children = (
				FA860E342609562300B2AFC1 /* ResourcesModel.swift */,
				FA860E4A26095DE400B2AFC1 /* InsightsModel.swift */,
				0D0465D4261426E80012DAC3 /* QuotesModel.swift */,
				0D0465D7261427070012DAC3 /* HeaderModel.swift */,
			);
			path = Model;
			sourceTree = "<group>";
		};
/* End PBXGroup section */

/* Begin PBXNativeTarget section */
		FA06848E25BB931500AB975A /* Capstone_Jan_22 */ = {
			isa = PBXNativeTarget;
			buildConfigurationList = FA06849E25BB931600AB975A /* Build configuration list for PBXNativeTarget "Capstone_Jan_22" */;
			buildPhases = (
				B66267FAC780C065B81AFF32 /* [CP] Check Pods Manifest.lock */,
				FA06848B25BB931500AB975A /* Sources */,
				FA06848C25BB931500AB975A /* Frameworks */,
				FA06848D25BB931500AB975A /* Resources */,
				4376B7954E233D3D2473449D /* [CP] Embed Pods Frameworks */,
			);
			buildRules = (
			);
			dependencies = (
			);
			name = Capstone_Jan_22;
			productName = Capstone_Jan_22;
			productReference = FA06848F25BB931500AB975A /* Capstone_Jan_22.app */;
			productType = "com.apple.product-type.application";
		};
/* End PBXNativeTarget section */

/* Begin PBXProject section */
		FA06848725BB931500AB975A /* Project object */ = {
			isa = PBXProject;
			attributes = {
				LastSwiftUpdateCheck = 1230;
				LastUpgradeCheck = 1230;
				TargetAttributes = {
					FA06848E25BB931500AB975A = {
						CreatedOnToolsVersion = 12.3;
					};
				};
			};
			buildConfigurationList = FA06848A25BB931500AB975A /* Build configuration list for PBXProject "Capstone_Jan_22" */;
			compatibilityVersion = "Xcode 9.3";
			developmentRegion = en;
			hasScannedForEncodings = 0;
			knownRegions = (
				en,
				Base,
			);
			mainGroup = FA06848625BB931500AB975A;
			productRefGroup = FA06849025BB931500AB975A /* Products */;
			projectDirPath = "";
			projectRoot = "";
			targets = (
				FA06848E25BB931500AB975A /* Capstone_Jan_22 */,
			);
		};
/* End PBXProject section */

/* Begin PBXResourcesBuildPhase section */
		FA06848D25BB931500AB975A /* Resources */ = {
			isa = PBXResourcesBuildPhase;
			buildActionMask = 2147483647;
			files = (
				FA06849A25BB931600AB975A /* Preview Assets.xcassets in Resources */,
				FA860E1D2609141400B2AFC1 /* LaunchScreen.storyboard in Resources */,
				0D9AF00425D5C1A400E9E55F /* GoogleService-Info.plist in Resources */,
				0D0465E626142A1E0012DAC3 /* Home_Background_Final.mov in Resources */,
				FA06849725BB931600AB975A /* Assets.xcassets in Resources */,
			);
			runOnlyForDeploymentPostprocessing = 0;
		};
/* End PBXResourcesBuildPhase section */

/* Begin PBXShellScriptBuildPhase section */
		4376B7954E233D3D2473449D /* [CP] Embed Pods Frameworks */ = {
			isa = PBXShellScriptBuildPhase;
			buildActionMask = 2147483647;
			files = (
			);
			inputFileListPaths = (
				"${PODS_ROOT}/Target Support Files/Pods-Capstone_Jan_22/Pods-Capstone_Jan_22-frameworks-${CONFIGURATION}-input-files.xcfilelist",
			);
			name = "[CP] Embed Pods Frameworks";
			outputFileListPaths = (
				"${PODS_ROOT}/Target Support Files/Pods-Capstone_Jan_22/Pods-Capstone_Jan_22-frameworks-${CONFIGURATION}-output-files.xcfilelist",
			);
			runOnlyForDeploymentPostprocessing = 0;
			shellPath = /bin/sh;
			shellScript = "\"${PODS_ROOT}/Target Support Files/Pods-Capstone_Jan_22/Pods-Capstone_Jan_22-frameworks.sh\"\n";
			showEnvVarsInLog = 0;
		};
		B66267FAC780C065B81AFF32 /* [CP] Check Pods Manifest.lock */ = {
			isa = PBXShellScriptBuildPhase;
			buildActionMask = 2147483647;
			files = (
			);
			inputFileListPaths = (
			);
			inputPaths = (
				"${PODS_PODFILE_DIR_PATH}/Podfile.lock",
				"${PODS_ROOT}/Manifest.lock",
			);
			name = "[CP] Check Pods Manifest.lock";
			outputFileListPaths = (
			);
			outputPaths = (
				"$(DERIVED_FILE_DIR)/Pods-Capstone_Jan_22-checkManifestLockResult.txt",
			);
			runOnlyForDeploymentPostprocessing = 0;
			shellPath = /bin/sh;
			shellScript = "diff \"${PODS_PODFILE_DIR_PATH}/Podfile.lock\" \"${PODS_ROOT}/Manifest.lock\" > /dev/null\nif [ $? != 0 ] ; then\n    # print error to STDERR\n    echo \"error: The sandbox is not in sync with the Podfile.lock. Run 'pod install' or update your CocoaPods installation.\" >&2\n    exit 1\nfi\n# This output is used by Xcode 'outputs' to avoid re-running this script phase.\necho \"SUCCESS\" > \"${SCRIPT_OUTPUT_FILE_0}\"\n";
			showEnvVarsInLog = 0;
		};
/* End PBXShellScriptBuildPhase section */

/* Begin PBXSourcesBuildPhase section */
		FA06848B25BB931500AB975A /* Sources */ = {
			isa = PBXSourcesBuildPhase;
			buildActionMask = 2147483647;
			files = (
				FA860DF3260439EC00B2AFC1 /* AppView.swift in Sources */,
				FA7A7FFD25C0F8DB0054B8A2 /* FBAuth.swift in Sources */,
				FA860E2F2609555200B2AFC1 /* ResourcesData.swift in Sources */,
				FA9D0AA925F0108E00E6EB46 /* ProfileEditView.swift in Sources */,
				FA7A7FAA25C0D4720054B8A2 /* UserViewModel.swift in Sources */,
				FA860E3F26095CC500B2AFC1 /* InsightsView.swift in Sources */,
				FA7A7FFE25C0F8DB0054B8A2 /* FBAuthError.swift in Sources */,
				FA7A7FF825C0F8CE0054B8A2 /* FBFireStore.swift in Sources */,
				FA7A7FF925C0F8CE0054B8A2 /* FBFireStoreError.swift in Sources */,
				FAA3E82D25D5D1E000DC85C1 /* SignUpView.swift in Sources */,
				FA9D0A3D25EF413D00E6EB46 /* ProfileView.swift in Sources */,
				FAA3E83325D5D2BC00DC85C1 /* InstagramApi.swift in Sources */,
				FA860E55260A866A00B2AFC1 /* AddGoalView.swift in Sources */,
				FA860E58260A871000B2AFC1 /* EmptyGoalListView.swift in Sources */,
				FA860E4E260A851900B2AFC1 /* GoalsView.swift in Sources */,
				FA7A7FF625C0F8CE0054B8A2 /* FBUser.swift in Sources */,
				0D0465C82614256C0012DAC3 /* HomeView_Looping.swift in Sources */,
				0D0465CF261426830012DAC3 /* QuotesData.swift in Sources */,
				FA9D0A3A25EF3DD500E6EB46 /* AnalyticsView.swift in Sources */,
				FA860E4526095D6400B2AFC1 /* InsightsListDetailView.swift in Sources */,
				FAA3E82425D5D1E000DC85C1 /* ContentView.swift in Sources */,
				FA860E1A26067D6F00B2AFC1 /* FormRowLinkView.swift in Sources */,
				FA860E272609482E00B2AFC1 /* WelcomeView.swift in Sources */,
				FA860E4826095DB400B2AFC1 /* InisghtsData.swift in Sources */,
				0D0465D8261427070012DAC3 /* HeaderModel.swift in Sources */,
				FA7A7F9D25C0CAEB0054B8A2 /* UserInfo.swift in Sources */,
				FA9D0A3725EF382A00E6EB46 /* ResourcesView.swift in Sources */,
				FAA3E82625D5D1E000DC85C1 /* HomeView.swift in Sources */,
				0D0465D5261426E80012DAC3 /* QuotesModel.swift in Sources */,
				FA860E392609565200B2AFC1 /* ResourcesBookView.swift in Sources */,
				FA30834825FFB854009C5B12 /* SentClassifier.mlmodel in Sources */,
				0D0465C02614234C0012DAC3 /* CoreDataManager.swift in Sources */,
				FA06849325BB931500AB975A /* Capstone_Jan_22App.swift in Sources */,
				FA860E4226095D1D00B2AFC1 /* InsightsListView.swift in Sources */,
				FA860E352609562300B2AFC1 /* ResourcesModel.swift in Sources */,
				FA7A7FF725C0F8CE0054B8A2 /* FBKeys.swift in Sources */,
				FAA3E82725D5D1E000DC85C1 /* CaptionView.swift in Sources */,
				FAA3E82825D5D1E000DC85C1 /* WebView.swift in Sources */,
				FA860E1726067D1800B2AFC1 /* SettingsView.swift in Sources */,
				0D0465C52614238D0012DAC3 /* GoalsView_Tut.swift in Sources */,
				FA860E3C2609568800B2AFC1 /* ResourcesBookDetailView.swift in Sources */,
				FA860E4B26095DE400B2AFC1 /* InsightsModel.swift in Sources */,
				FAA3E82B25D5D1E000DC85C1 /* InstagramView.swift in Sources */,
				FA860E52260A863400B2AFC1 /* Todo_App.xcdatamodeld in Sources */,
				0D8593A22617787D0045AC06 /* AddGoalView_Tut.swift in Sources */,
				0D0465DB261427450012DAC3 /* QuotesView.swift in Sources */,
				FAA3E82C25D5D1E000DC85C1 /* ForgotPasswordView.swift in Sources */,
				FAA3E82F25D5D1E000DC85C1 /* SignInWithEmailView.swift in Sources */,
				FAA3E82E25D5D1E000DC85C1 /* LoginView.swift in Sources */,
				0D0465CC2614263C0012DAC3 /* GoalDataModel.xcdatamodeld in Sources */,
				0D0465D2261426AB0012DAC3 /* HeaderData.swift in Sources */,
				FAA3E82925D5D1E000DC85C1 /* InstagramResponse.swift in Sources */,
				0D0465E22614277A0012DAC3 /* HeaderView.swift in Sources */,
			);
			runOnlyForDeploymentPostprocessing = 0;
		};
/* End PBXSourcesBuildPhase section */

/* Begin XCBuildConfiguration section */
		FA06849C25BB931600AB975A /* Debug */ = {
			isa = XCBuildConfiguration;
			buildSettings = {
				ALWAYS_SEARCH_USER_PATHS = NO;
				CLANG_ANALYZER_NONNULL = YES;
				CLANG_ANALYZER_NUMBER_OBJECT_CONVERSION = YES_AGGRESSIVE;
				CLANG_CXX_LANGUAGE_STANDARD = "gnu++14";
				CLANG_CXX_LIBRARY = "libc++";
				CLANG_ENABLE_MODULES = YES;
				CLANG_ENABLE_OBJC_ARC = YES;
				CLANG_ENABLE_OBJC_WEAK = YES;
				CLANG_WARN_BLOCK_CAPTURE_AUTORELEASING = YES;
				CLANG_WARN_BOOL_CONVERSION = YES;
				CLANG_WARN_COMMA = YES;
				CLANG_WARN_CONSTANT_CONVERSION = YES;
				CLANG_WARN_DEPRECATED_OBJC_IMPLEMENTATIONS = YES;
				CLANG_WARN_DIRECT_OBJC_ISA_USAGE = YES_ERROR;
				CLANG_WARN_DOCUMENTATION_COMMENTS = YES;
				CLANG_WARN_EMPTY_BODY = YES;
				CLANG_WARN_ENUM_CONVERSION = YES;
				CLANG_WARN_INFINITE_RECURSION = YES;
				CLANG_WARN_INT_CONVERSION = YES;
				CLANG_WARN_NON_LITERAL_NULL_CONVERSION = YES;
				CLANG_WARN_OBJC_IMPLICIT_RETAIN_SELF = YES;
				CLANG_WARN_OBJC_LITERAL_CONVERSION = YES;
				CLANG_WARN_OBJC_ROOT_CLASS = YES_ERROR;
				CLANG_WARN_QUOTED_INCLUDE_IN_FRAMEWORK_HEADER = YES;
				CLANG_WARN_RANGE_LOOP_ANALYSIS = YES;
				CLANG_WARN_STRICT_PROTOTYPES = YES;
				CLANG_WARN_SUSPICIOUS_MOVE = YES;
				CLANG_WARN_UNGUARDED_AVAILABILITY = YES_AGGRESSIVE;
				CLANG_WARN_UNREACHABLE_CODE = YES;
				CLANG_WARN__DUPLICATE_METHOD_MATCH = YES;
				COPY_PHASE_STRIP = NO;
				DEBUG_INFORMATION_FORMAT = dwarf;
				ENABLE_STRICT_OBJC_MSGSEND = YES;
				ENABLE_TESTABILITY = YES;
				GCC_C_LANGUAGE_STANDARD = gnu11;
				GCC_DYNAMIC_NO_PIC = NO;
				GCC_NO_COMMON_BLOCKS = YES;
				GCC_OPTIMIZATION_LEVEL = 0;
				GCC_PREPROCESSOR_DEFINITIONS = (
					"DEBUG=1",
					"$(inherited)",
				);
				GCC_WARN_64_TO_32_BIT_CONVERSION = YES;
				GCC_WARN_ABOUT_RETURN_TYPE = YES_ERROR;
				GCC_WARN_UNDECLARED_SELECTOR = YES;
				GCC_WARN_UNINITIALIZED_AUTOS = YES_AGGRESSIVE;
				GCC_WARN_UNUSED_FUNCTION = YES;
				GCC_WARN_UNUSED_VARIABLE = YES;
				IPHONEOS_DEPLOYMENT_TARGET = 14.3;
				MTL_ENABLE_DEBUG_INFO = INCLUDE_SOURCE;
				MTL_FAST_MATH = YES;
				ONLY_ACTIVE_ARCH = YES;
				SDKROOT = iphoneos;
				SWIFT_ACTIVE_COMPILATION_CONDITIONS = DEBUG;
				SWIFT_OPTIMIZATION_LEVEL = "-Onone";
			};
			name = Debug;
		};
		FA06849D25BB931600AB975A /* Release */ = {
			isa = XCBuildConfiguration;
			buildSettings = {
				ALWAYS_SEARCH_USER_PATHS = NO;
				CLANG_ANALYZER_NONNULL = YES;
				CLANG_ANALYZER_NUMBER_OBJECT_CONVERSION = YES_AGGRESSIVE;
				CLANG_CXX_LANGUAGE_STANDARD = "gnu++14";
				CLANG_CXX_LIBRARY = "libc++";
				CLANG_ENABLE_MODULES = YES;
				CLANG_ENABLE_OBJC_ARC = YES;
				CLANG_ENABLE_OBJC_WEAK = YES;
				CLANG_WARN_BLOCK_CAPTURE_AUTORELEASING = YES;
				CLANG_WARN_BOOL_CONVERSION = YES;
				CLANG_WARN_COMMA = YES;
				CLANG_WARN_CONSTANT_CONVERSION = YES;
				CLANG_WARN_DEPRECATED_OBJC_IMPLEMENTATIONS = YES;
				CLANG_WARN_DIRECT_OBJC_ISA_USAGE = YES_ERROR;
				CLANG_WARN_DOCUMENTATION_COMMENTS = YES;
				CLANG_WARN_EMPTY_BODY = YES;
				CLANG_WARN_ENUM_CONVERSION = YES;
				CLANG_WARN_INFINITE_RECURSION = YES;
				CLANG_WARN_INT_CONVERSION = YES;
				CLANG_WARN_NON_LITERAL_NULL_CONVERSION = YES;
				CLANG_WARN_OBJC_IMPLICIT_RETAIN_SELF = YES;
				CLANG_WARN_OBJC_LITERAL_CONVERSION = YES;
				CLANG_WARN_OBJC_ROOT_CLASS = YES_ERROR;
				CLANG_WARN_QUOTED_INCLUDE_IN_FRAMEWORK_HEADER = YES;
				CLANG_WARN_RANGE_LOOP_ANALYSIS = YES;
				CLANG_WARN_STRICT_PROTOTYPES = YES;
				CLANG_WARN_SUSPICIOUS_MOVE = YES;
				CLANG_WARN_UNGUARDED_AVAILABILITY = YES_AGGRESSIVE;
				CLANG_WARN_UNREACHABLE_CODE = YES;
				CLANG_WARN__DUPLICATE_METHOD_MATCH = YES;
				COPY_PHASE_STRIP = NO;
				DEBUG_INFORMATION_FORMAT = "dwarf-with-dsym";
				ENABLE_NS_ASSERTIONS = NO;
				ENABLE_STRICT_OBJC_MSGSEND = YES;
				GCC_C_LANGUAGE_STANDARD = gnu11;
				GCC_NO_COMMON_BLOCKS = YES;
				GCC_WARN_64_TO_32_BIT_CONVERSION = YES;
				GCC_WARN_ABOUT_RETURN_TYPE = YES_ERROR;
				GCC_WARN_UNDECLARED_SELECTOR = YES;
				GCC_WARN_UNINITIALIZED_AUTOS = YES_AGGRESSIVE;
				GCC_WARN_UNUSED_FUNCTION = YES;
				GCC_WARN_UNUSED_VARIABLE = YES;
				IPHONEOS_DEPLOYMENT_TARGET = 14.3;
				MTL_ENABLE_DEBUG_INFO = NO;
				MTL_FAST_MATH = YES;
				SDKROOT = iphoneos;
				SWIFT_COMPILATION_MODE = wholemodule;
				SWIFT_OPTIMIZATION_LEVEL = "-O";
				VALIDATE_PRODUCT = YES;
			};
			name = Release;
		};
		FA06849F25BB931600AB975A /* Debug */ = {
			isa = XCBuildConfiguration;
			baseConfigurationReference = D740BBBE612EB48853552FB1 /* Pods-Capstone_Jan_22.debug.xcconfig */;
			buildSettings = {
				ASSETCATALOG_COMPILER_APPICON_NAME = AppIcon;
				ASSETCATALOG_COMPILER_GLOBAL_ACCENT_COLOR_NAME = AccentColor;
				CODE_SIGN_ENTITLEMENTS = Capstone_Jan_22/Capstone_Jan_22.entitlements;
				CODE_SIGN_IDENTITY = "Apple Development";
				CODE_SIGN_STYLE = Automatic;
				DEVELOPMENT_ASSET_PATHS = "\"Capstone_Jan_22/Preview Content\"";
				DEVELOPMENT_TEAM = H85HC8J2GD;
				ENABLE_PREVIEWS = YES;
				INFOPLIST_FILE = Capstone_Jan_22/Info.plist;
				IPHONEOS_DEPLOYMENT_TARGET = 14.0;
				LD_RUNPATH_SEARCH_PATHS = (
					"$(inherited)",
					"@executable_path/Frameworks",
				);
				PRODUCT_BUNDLE_IDENTIFIER = com.MentalHealthCapstone;
				PRODUCT_NAME = "$(TARGET_NAME)";
				PROVISIONING_PROFILE_SPECIFIER = "";
				SWIFT_VERSION = 5.0;
				TARGETED_DEVICE_FAMILY = 1;
			};
			name = Debug;
		};
		FA0684A025BB931600AB975A /* Release */ = {
			isa = XCBuildConfiguration;
			baseConfigurationReference = 7F82F6605733351DB70F1CA4 /* Pods-Capstone_Jan_22.release.xcconfig */;
			buildSettings = {
				ASSETCATALOG_COMPILER_APPICON_NAME = AppIcon;
				ASSETCATALOG_COMPILER_GLOBAL_ACCENT_COLOR_NAME = AccentColor;
				CODE_SIGN_ENTITLEMENTS = Capstone_Jan_22/Capstone_Jan_22.entitlements;
				CODE_SIGN_IDENTITY = "Apple Development";
				CODE_SIGN_STYLE = Automatic;
				DEVELOPMENT_ASSET_PATHS = "\"Capstone_Jan_22/Preview Content\"";
				DEVELOPMENT_TEAM = H85HC8J2GD;
				ENABLE_PREVIEWS = YES;
				INFOPLIST_FILE = Capstone_Jan_22/Info.plist;
				IPHONEOS_DEPLOYMENT_TARGET = 14.0;
				LD_RUNPATH_SEARCH_PATHS = (
					"$(inherited)",
					"@executable_path/Frameworks",
				);
				PRODUCT_BUNDLE_IDENTIFIER = com.MentalHealthCapstone;
				PRODUCT_NAME = "$(TARGET_NAME)";
				PROVISIONING_PROFILE_SPECIFIER = "";
				SWIFT_VERSION = 5.0;
				TARGETED_DEVICE_FAMILY = 1;
			};
			name = Release;
		};
/* End XCBuildConfiguration section */

/* Begin XCConfigurationList section */
		FA06848A25BB931500AB975A /* Build configuration list for PBXProject "Capstone_Jan_22" */ = {
			isa = XCConfigurationList;
			buildConfigurations = (
				FA06849C25BB931600AB975A /* Debug */,
				FA06849D25BB931600AB975A /* Release */,
			);
			defaultConfigurationIsVisible = 0;
			defaultConfigurationName = Release;
		};
		FA06849E25BB931600AB975A /* Build configuration list for PBXNativeTarget "Capstone_Jan_22" */ = {
			isa = XCConfigurationList;
			buildConfigurations = (
				FA06849F25BB931600AB975A /* Debug */,
				FA0684A025BB931600AB975A /* Release */,
			);
			defaultConfigurationIsVisible = 0;
			defaultConfigurationName = Release;
		};
/* End XCConfigurationList section */

/* Begin XCVersionGroup section */
		0D0465CA2614263C0012DAC3 /* GoalDataModel.xcdatamodeld */ = {
			isa = XCVersionGroup;
			children = (
				0D0465CB2614263C0012DAC3 /* MovieDataModel.xcdatamodel */,
			);
			currentVersion = 0D0465CB2614263C0012DAC3 /* MovieDataModel.xcdatamodel */;
			path = GoalDataModel.xcdatamodeld;
			sourceTree = "<group>";
			versionGroupType = wrapper.xcdatamodel;
		};
		FA860E50260A863400B2AFC1 /* Todo_App.xcdatamodeld */ = {
			isa = XCVersionGroup;
			children = (
				FA860E51260A863400B2AFC1 /* Todo_App.xcdatamodel */,
			);
			currentVersion = FA860E51260A863400B2AFC1 /* Todo_App.xcdatamodel */;
			path = Todo_App.xcdatamodeld;
			sourceTree = "<group>";
			versionGroupType = wrapper.xcdatamodel;
		};
/* End XCVersionGroup section */
	};
	rootObject = FA06848725BB931500AB975A /* Project object */;
}
